// !$*UTF8*$!
{
	archiveVersion = 1;
	classes = {
	};
	objectVersion = 50;
	objects = {

/* Begin PBXBuildFile section */
		1C3BA61C2576549200F540F8 /* AppDelegate.swift in Sources */ = {isa = PBXBuildFile; fileRef = 1C3BA61B2576549200F540F8 /* AppDelegate.swift */; };
		1C3BA61E2576549200F540F8 /* SceneDelegate.swift in Sources */ = {isa = PBXBuildFile; fileRef = 1C3BA61D2576549200F540F8 /* SceneDelegate.swift */; };
		1C3BA6202576549200F540F8 /* ViewController.swift in Sources */ = {isa = PBXBuildFile; fileRef = 1C3BA61F2576549200F540F8 /* ViewController.swift */; };
		1C3BA6232576549200F540F8 /* Main.storyboard in Resources */ = {isa = PBXBuildFile; fileRef = 1C3BA6212576549200F540F8 /* Main.storyboard */; };
		1C3BA6262576549200F540F8 /* GitTrenin.xcdatamodeld in Sources */ = {isa = PBXBuildFile; fileRef = 1C3BA6242576549200F540F8 /* GitTrenin.xcdatamodeld */; };
		1C3BA6282576549700F540F8 /* Assets.xcassets in Resources */ = {isa = PBXBuildFile; fileRef = 1C3BA6272576549700F540F8 /* Assets.xcassets */; };
		1C3BA62B2576549700F540F8 /* LaunchScreen.storyboard in Resources */ = {isa = PBXBuildFile; fileRef = 1C3BA6292576549700F540F8 /* LaunchScreen.storyboard */; };
/* End PBXBuildFile section */

/* Begin PBXFileReference section */
		1C3BA6182576549200F540F8 /* GitTrenin.app */ = {isa = PBXFileReference; explicitFileType = wrapper.application; includeInIndex = 0; path = GitTrenin.app; sourceTree = BUILT_PRODUCTS_DIR; };
		1C3BA61B2576549200F540F8 /* AppDelegate.swift */ = {isa = PBXFileReference; lastKnownFileType = sourcecode.swift; path = AppDelegate.swift; sourceTree = "<group>"; };
		1C3BA61D2576549200F540F8 /* SceneDelegate.swift */ = {isa = PBXFileReference; lastKnownFileType = sourcecode.swift; path = SceneDelegate.swift; sourceTree = "<group>"; };
		1C3BA61F2576549200F540F8 /* ViewController.swift */ = {isa = PBXFileReference; lastKnownFileType = sourcecode.swift; path = ViewController.swift; sourceTree = "<group>"; };
		1C3BA6222576549200F540F8 /* Base */ = {isa = PBXFileReference; lastKnownFileType = file.storyboard; name = Base; path = Base.lproj/Main.storyboard; sourceTree = "<group>"; };
		1C3BA6252576549200F540F8 /* GitTrenin.xcdatamodel */ = {isa = PBXFileReference; lastKnownFileType = wrapper.xcdatamodel; path = GitTrenin.xcdatamodel; sourceTree = "<group>"; };
		1C3BA6272576549700F540F8 /* Assets.xcassets */ = {isa = PBXFileReference; lastKnownFileType = folder.assetcatalog; path = Assets.xcassets; sourceTree = "<group>"; };
		1C3BA62A2576549700F540F8 /* Base */ = {isa = PBXFileReference; lastKnownFileType = file.storyboard; name = Base; path = Base.lproj/LaunchScreen.storyboard; sourceTree = "<group>"; };
		1C3BA62C2576549700F540F8 /* Info.plist */ = {isa = PBXFileReference; lastKnownFileType = text.plist.xml; path = Info.plist; sourceTree = "<group>"; };
/* End PBXFileReference section */

/* Begin PBXFrameworksBuildPhase section */
		1C3BA6152576549200F540F8 /* Frameworks */ = {
			isa = PBXFrameworksBuildPhase;
			buildActionMask = 2147483647;
			files = (
			);
			runOnlyForDeploymentPostprocessing = 0;
		};
/* End PBXFrameworksBuildPhase section */

/* Begin PBXGroup section */
		1C3BA60F2576549200F540F8 = {
			isa = PBXGroup;
			children = (
				1C3BA61A2576549200F540F8 /* GitTrenin */,
				1C3BA6192576549200F540F8 /* Products */,
			);
			sourceTree = "<group>";
		};
		1C3BA6192576549200F540F8 /* Products */ = {
			isa = PBXGroup;
			children = (
				1C3BA6182576549200F540F8 /* GitTrenin.app */,
			);
			name = Products;
			sourceTree = "<group>";
		};
		1C3BA61A2576549200F540F8 /* GitTrenin */ = {
			isa = PBXGroup;
			children = (
				1C3BA61B2576549200F540F8 /* AppDelegate.swift */,
				1C3BA61D2576549200F540F8 /* SceneDelegate.swift */,
				1C3BA61F2576549200F540F8 /* ViewController.swift */,
				1C3BA6212576549200F540F8 /* Main.storyboard */,
				1C3BA6272576549700F540F8 /* Assets.xcassets */,
				1C3BA6292576549700F540F8 /* LaunchScreen.storyboard */,
				1C3BA62C2576549700F540F8 /* Info.plist */,
				1C3BA6242576549200F540F8 /* GitTrenin.xcdatamodeld */,
			);
			path = GitTrenin;
			sourceTree = "<group>";
		};
/* End PBXGroup section */

/* Begin PBXNativeTarget section */
		1C3BA6172576549200F540F8 /* GitTrenin */ = {
			isa = PBXNativeTarget;
			buildConfigurationList = 1C3BA62F2576549700F540F8 /* Build configuration list for PBXNativeTarget "GitTrenin" */;
			buildPhases = (
				1C3BA6142576549200F540F8 /* Sources */,
				1C3BA6152576549200F540F8 /* Frameworks */,
				1C3BA6162576549200F540F8 /* Resources */,
			);
			buildRules = (
			);
			dependencies = (
			);
			name = GitTrenin;
			productName = GitTrenin;
			productReference = 1C3BA6182576549200F540F8 /* GitTrenin.app */;
			productType = "com.apple.product-type.application";
		};
/* End PBXNativeTarget section */

/* Begin PBXProject section */
		1C3BA6102576549200F540F8 /* Project object */ = {
			isa = PBXProject;
			attributes = {
				LastSwiftUpdateCheck = 1160;
				LastUpgradeCheck = 1160;
				ORGANIZATIONNAME = Mamchenko.Develop;
				TargetAttributes = {
					1C3BA6172576549200F540F8 = {
						CreatedOnToolsVersion = 11.6;
					};
				};
			};
			buildConfigurationList = 1C3BA6132576549200F540F8 /* Build configuration list for PBXProject "GitTrenin" */;
			compatibilityVersion = "Xcode 9.3";
			developmentRegion = en;
			hasScannedForEncodings = 0;
			knownRegions = (
				en,
				Base,
			);
			mainGroup = 1C3BA60F2576549200F540F8;
			productRefGroup = 1C3BA6192576549200F540F8 /* Products */;
			projectDirPath = "";
			projectRoot = "";
			targets = (
				1C3BA6172576549200F540F8 /* GitTrenin */,
			);
		};
/* End PBXProject section */

/* Begin PBXResourcesBuildPhase section */
		1C3BA6162576549200F540F8 /* Resources */ = {
			isa = PBXResourcesBuildPhase;
			buildActionMask = 2147483647;
			files = (
				1C3BA62B2576549700F540F8 /* LaunchScreen.storyboard in Resources */,
				1C3BA6282576549700F540F8 /* Assets.xcassets in Resources */,
				1C3BA6232576549200F540F8 /* Main.storyboard in Resources */,
			);
			runOnlyForDeploymentPostprocessing = 0;
		};
/* End PBXResourcesBuildPhase section */

/* Begin PBXSourcesBuildPhase section */
		1C3BA6142576549200F540F8 /* Sources */ = {
			isa = PBXSourcesBuildPhase;
			buildActionMask = 2147483647;
			files = (
				1C3BA6202576549200F540F8 /* ViewController.swift in Sources */,
				1C3BA61C2576549200F540F8 /* AppDelegate.swift in Sources */,
				1C3BA6262576549200F540F8 /* GitTrenin.xcdatamodeld in Sources */,
				1C3BA61E2576549200F540F8 /* SceneDelegate.swift in Sources */,
			);
			runOnlyForDeploymentPostprocessing = 0;
		};
/* End PBXSourcesBuildPhase section */

/* Begin PBXVariantGroup section */
		1C3BA6212576549200F540F8 /* Main.storyboard */ = {
			isa = PBXVariantGroup;
			children = (
				1C3BA6222576549200F540F8 /* Base */,
			);
			name = Main.storyboard;
			sourceTree = "<group>";
		};
		1C3BA6292576549700F540F8 /* LaunchScreen.storyboard */ = {
			isa = PBXVariantGroup;
			children = (
				1C3BA62A2576549700F540F8 /* Base */,
			);
			name = LaunchScreen.storyboard;
			sourceTree = "<group>";
		};
/* End PBXVariantGroup section */

/* Begin XCBuildConfiguration section */
		1C3BA62D2576549700F540F8 /* Debug */ = {
			isa = XCBuildConfiguration;
			buildSettings = {
				ALWAYS_SEARCH_USER_PATHS = NO;
				CLANG_ANALYZER_NONNULL = YES;
				CLANG_ANALYZER_NUMBER_OBJECT_CONVERSION = YES_AGGRESSIVE;
				CLANG_CXX_LANGUAGE_STANDARD = "gnu++14";
				CLANG_CXX_LIBRARY = "libc++";
				CLANG_ENABLE_MODULES = YES;
				CLANG_ENABLE_OBJC_ARC = YES;
				CLANG_ENABLE_OBJC_WEAK = YES;
				CLANG_WARN_BLOCK_CAPTURE_AUTORELEASING = YES;
				CLANG_WARN_BOOL_CONVERSION = YES;
				CLANG_WARN_COMMA = YES;
				CLANG_WARN_CONSTANT_CONVERSION = YES;
				CLANG_WARN_DEPRECATED_OBJC_IMPLEMENTATIONS = YES;
				CLANG_WARN_DIRECT_OBJC_ISA_USAGE = YES_ERROR;
				CLANG_WARN_DOCUMENTATION_COMMENTS = YES;
				CLANG_WARN_EMPTY_BODY = YES;
				CLANG_WARN_ENUM_CONVERSION = YES;
				CLANG_WARN_INFINITE_RECURSION = YES;
				CLANG_WARN_INT_CONVERSION = YES;
				CLANG_WARN_NON_LITERAL_NULL_CONVERSION = YES;
				CLANG_WARN_OBJC_IMPLICIT_RETAIN_SELF = YES;
				CLANG_WARN_OBJC_LITERAL_CONVERSION = YES;
				CLANG_WARN_OBJC_ROOT_CLASS = YES_ERROR;
				CLANG_WARN_RANGE_LOOP_ANALYSIS = YES;
				CLANG_WARN_STRICT_PROTOTYPES = YES;
				CLANG_WARN_SUSPICIOUS_MOVE = YES;
				CLANG_WARN_UNGUARDED_AVAILABILITY = YES_AGGRESSIVE;
				CLANG_WARN_UNREACHABLE_CODE = YES;
				CLANG_WARN__DUPLICATE_METHOD_MATCH = YES;
				COPY_PHASE_STRIP = NO;
				DEBUG_INFORMATION_FORMAT = dwarf;
				ENABLE_STRICT_OBJC_MSGSEND = YES;
				ENABLE_TESTABILITY = YES;
				GCC_C_LANGUAGE_STANDARD = gnu11;
				GCC_DYNAMIC_NO_PIC = NO;
				GCC_NO_COMMON_BLOCKS = YES;
				GCC_OPTIMIZATION_LEVEL = 0;
				GCC_PREPROCESSOR_DEFINITIONS = (
					"DEBUG=1",
					"$(inherited)",
				);
				GCC_WARN_64_TO_32_BIT_CONVERSION = YES;
				GCC_WARN_ABOUT_RETURN_TYPE = YES_ERROR;
				GCC_WARN_UNDECLARED_SELECTOR = YES;
				GCC_WARN_UNINITIALIZED_AUTOS = YES_AGGRESSIVE;
				GCC_WARN_UNUSED_FUNCTION = YES;
				GCC_WARN_UNUSED_VARIABLE = YES;
				IPHONEOS_DEPLOYMENT_TARGET = 13.6;
				MTL_ENABLE_DEBUG_INFO = INCLUDE_SOURCE;
				MTL_FAST_MATH = YES;
				ONLY_ACTIVE_ARCH = YES;
				SDKROOT = iphoneos;
				SWIFT_ACTIVE_COMPILATION_CONDITIONS = DEBUG;
				SWIFT_OPTIMIZATION_LEVEL = "-Onone";
			};
			name = Debug;
		};
		1C3BA62E2576549700F540F8 /* Release */ = {
			isa = XCBuildConfiguration;
			buildSettings = {
				ALWAYS_SEARCH_USER_PATHS = NO;
				CLANG_ANALYZER_NONNULL = YES;
				CLANG_ANALYZER_NUMBER_OBJECT_CONVERSION = YES_AGGRESSIVE;
				CLANG_CXX_LANGUAGE_STANDARD = "gnu++14";
				CLANG_CXX_LIBRARY = "libc++";
				CLANG_ENABLE_MODULES = YES;
				CLANG_ENABLE_OBJC_ARC = YES;
				CLANG_ENABLE_OBJC_WEAK = YES;
				CLANG_WARN_BLOCK_CAPTURE_AUTORELEASING = YES;
				CLANG_WARN_BOOL_CONVERSION = YES;
				CLANG_WARN_COMMA = YES;
				CLANG_WARN_CONSTANT_CONVERSION = YES;
				CLANG_WARN_DEPRECATED_OBJC_IMPLEMENTATIONS = YES;
				CLANG_WARN_DIRECT_OBJC_ISA_USAGE = YES_ERROR;
				CLANG_WARN_DOCUMENTATION_COMMENTS = YES;
				CLANG_WARN_EMPTY_BODY = YES;
				CLANG_WARN_ENUM_CONVERSION = YES;
				CLANG_WARN_INFINITE_RECURSION = YES;
				CLANG_WARN_INT_CONVERSION = YES;
				CLANG_WARN_NON_LITERAL_NULL_CONVERSION = YES;
				CLANG_WARN_OBJC_IMPLICIT_RETAIN_SELF = YES;
				CLANG_WARN_OBJC_LITERAL_CONVERSION = YES;
				CLANG_WARN_OBJC_ROOT_CLASS = YES_ERROR;
				CLANG_WARN_RANGE_LOOP_ANALYSIS = YES;
				CLANG_WARN_STRICT_PROTOTYPES = YES;
				CLANG_WARN_SUSPICIOUS_MOVE = YES;
				CLANG_WARN_UNGUARDED_AVAILABILITY = YES_AGGRESSIVE;
				CLANG_WARN_UNREACHABLE_CODE = YES;
				CLANG_WARN__DUPLICATE_METHOD_MATCH = YES;
				COPY_PHASE_STRIP = NO;
				DEBUG_INFORMATION_FORMAT = "dwarf-with-dsym";
				ENABLE_NS_ASSERTIONS = NO;
				ENABLE_STRICT_OBJC_MSGSEND = YES;
				GCC_C_LANGUAGE_STANDARD = gnu11;
				GCC_NO_COMMON_BLOCKS = YES;
				GCC_WARN_64_TO_32_BIT_CONVERSION = YES;
				GCC_WARN_ABOUT_RETURN_TYPE = YES_ERROR;
				GCC_WARN_UNDECLARED_SELECTOR = YES;
				GCC_WARN_UNINITIALIZED_AUTOS = YES_AGGRESSIVE;
				GCC_WARN_UNUSED_FUNCTION = YES;
				GCC_WARN_UNUSED_VARIABLE = YES;
				IPHONEOS_DEPLOYMENT_TARGET = 13.6;
				MTL_ENABLE_DEBUG_INFO = NO;
				MTL_FAST_MATH = YES;
				SDKROOT = iphoneos;
				SWIFT_COMPILATION_MODE = wholemodule;
				SWIFT_OPTIMIZATION_LEVEL = "-O";
				VALIDATE_PRODUCT = YES;
			};
			name = Release;
		};
		1C3BA6302576549700F540F8 /* Debug */ = {
			isa = XCBuildConfiguration;
			buildSettings = {
				ASSETCATALOG_COMPILER_APPICON_NAME = AppIcon;
				CODE_SIGN_STYLE = Automatic;
				DEVELOPMENT_TEAM = 8DZ4JHZ65S;
				INFOPLIST_FILE = GitTrenin/Info.plist;
				LD_RUNPATH_SEARCH_PATHS = (
					"$(inherited)",
					"@executable_path/Frameworks",
				);
				PRODUCT_BUNDLE_IDENTIFIER = "-23.GitTrenin";
				PRODUCT_NAME = "$(TARGET_NAME)";
				SWIFT_VERSION = 5.0;
				TARGETED_DEVICE_FAMILY = "1,2";
			};
			name = Debug;
		};
		1C3BA6312576549700F540F8 /* Release */ = {
			isa = XCBuildConfiguration;
			buildSettings = {
				ASSETCATALOG_COMPILER_APPICON_NAME = AppIcon;
				CODE_SIGN_STYLE = Automatic;
				DEVELOPMENT_TEAM = 8DZ4JHZ65S;
				INFOPLIST_FILE = GitTrenin/Info.plist;
				LD_RUNPATH_SEARCH_PATHS = (
					"$(inherited)",
					"@executable_path/Frameworks",
				);
				PRODUCT_BUNDLE_IDENTIFIER = "-23.GitTrenin";
				PRODUCT_NAME = "$(TARGET_NAME)";
				SWIFT_VERSION = 5.0;
				TARGETED_DEVICE_FAMILY = "1,2";
			};
			name = Release;
		};
/* End XCBuildConfiguration section */

/* Begin XCConfigurationList section */
		1C3BA6132576549200F540F8 /* Build configuration list for PBXProject "GitTrenin" */ = {
			isa = XCConfigurationList;
			buildConfigurations = (
				1C3BA62D2576549700F540F8 /* Debug */,
				1C3BA62E2576549700F540F8 /* Release */,
			);
			defaultConfigurationIsVisible = 0;
			defaultConfigurationName = Release;
		};
		1C3BA62F2576549700F540F8 /* Build configuration list for PBXNativeTarget "GitTrenin" */ = {
			isa = XCConfigurationList;
			buildConfigurations = (
				1C3BA6302576549700F540F8 /* Debug */,
				1C3BA6312576549700F540F8 /* Release */,
			);
			defaultConfigurationIsVisible = 0;
			defaultConfigurationName = Release;
		};
/* End XCConfigurationList section */

/* Begin XCVersionGroup section */
		1C3BA6242576549200F540F8 /* GitTrenin.xcdatamodeld */ = {
			isa = XCVersionGroup;
			children = (
				1C3BA6252576549200F540F8 /* GitTrenin.xcdatamodel */,
			);
			currentVersion = 1C3BA6252576549200F540F8 /* GitTrenin.xcdatamodel */;
			path = GitTrenin.xcdatamodeld;
			sourceTree = "<group>";
			versionGroupType = wrapper.xcdatamodel;
		};
/* End XCVersionGroup section */
	};
	rootObject = 1C3BA6102576549200F540F8 /* Project object */;
}
